<?xml version="1.0" encoding="utf-8"?>
<Project ToolsVersion="4.0" xmlns="http://schemas.microsoft.com/developer/msbuild/2003">
  <ItemGroup>
    <Filter Include="Lib">
      <UniqueIdentifier>{64bf6fe1-3a56-4217-b142-c4b8acad9b8f}</UniqueIdentifier>
    </Filter>
    <Filter Include="Header">
      <UniqueIdentifier>{e3328b72-d816-45bb-a565-b60a8e5c43f9}</UniqueIdentifier>
    </Filter>
    <Filter Include=".h">
      <UniqueIdentifier>{8c1d1be9-47b0-4b33-8ec6-620dae2f34aa}</UniqueIdentifier>
    </Filter>
    <Filter Include=".cpp">
      <UniqueIdentifier>{0562f5ff-1393-47af-9337-4c854b57ec4f}</UniqueIdentifier>
    </Filter>
  </ItemGroup>
  <ItemGroup>
    <ClCompile Include="src\lib\appEnv.cpp">
      <Filter>Lib</Filter>
    </ClCompile>
    <ClCompile Include="src\lib\audio.cpp">
      <Filter>Lib</Filter>
    </ClCompile>
    <ClCompile Include="src\lib\camera2D.cpp">
      <Filter>Lib</Filter>
    </ClCompile>
    <ClCompile Include="src\lib\fileUtil.cpp">
      <Filter>Lib</Filter>
    </ClCompile>
    <ClCompile Include="src\lib\glExt.cpp">
      <Filter>Lib</Filter>
    </ClCompile>
    <ClCompile Include="src\lib\glfwWindow.cpp">
      <Filter>Lib</Filter>
    </ClCompile>
    <ClCompile Include="src\lib\graph.cpp">
      <Filter>Lib</Filter>
    </ClCompile>
    <ClCompile Include="src\lib\matrix.cpp">
      <Filter>Lib</Filter>
    </ClCompile>
    <ClCompile Include="src\lib\os_win.cpp">
      <Filter>Lib</Filter>
    </ClCompile>
    <ClCompile Include="src\lib\png.cpp">
      <Filter>Lib</Filter>
    </ClCompile>
    <ClCompile Include="src\lib\random.cpp">
      <Filter>Lib</Filter>
    </ClCompile>
    <ClCompile Include="src\lib\texture.cpp">
      <Filter>Lib</Filter>
    </ClCompile>
    <ClCompile Include="src\lib\utils.cpp">
      <Filter>Lib</Filter>
    </ClCompile>
    <ClCompile Include="src\lib\wav.cpp">
      <Filter>Lib</Filter>
    </ClCompile>
    <ClCompile Include="src\main.cpp">
      <Filter>.cpp</Filter>
    </ClCompile>
    <ClCompile Include="src\GameMain.cpp">
      <Filter>.cpp</Filter>
    </ClCompile>
    <ClCompile Include="src\Player.cpp">
      <Filter>.cpp</Filter>
    </ClCompile>
    <ClCompile Include="src\Enemy.cpp">
      <Filter>.cpp</Filter>
    </ClCompile>
    <ClCompile Include="src\Collision.cpp">
      <Filter>.cpp</Filter>
    </ClCompile>
    <ClCompile Include="src\Boss.cpp">
      <Filter>.cpp</Filter>
    </ClCompile>
    <ClCompile Include="src\Enemy2.cpp">
      <Filter>.cpp</Filter>
    </ClCompile>
    <ClCompile Include="src\Blade.cpp">
      <Filter>.cpp</Filter>
    </ClCompile>
  </ItemGroup>
  <ItemGroup>
    <ClInclude Include="src\lib\appEnv.hpp">
      <Filter>Header</Filter>
    </ClInclude>
    <ClInclude Include="src\lib\audio.hpp">
      <Filter>Header</Filter>
    </ClInclude>
    <ClInclude Include="src\lib\camera2D.hpp">
      <Filter>Header</Filter>
    </ClInclude>
    <ClInclude Include="src\lib\defines.hpp">
      <Filter>Header</Filter>
    </ClInclude>
    <ClInclude Include="src\lib\fileUtil.hpp">
      <Filter>Header</Filter>
    </ClInclude>
    <ClInclude Include="src\lib\glExt.hpp">
      <Filter>Header</Filter>
    </ClInclude>
    <ClInclude Include="src\lib\glfwWindow.hpp">
      <Filter>Header</Filter>
    </ClInclude>
    <ClInclude Include="src\lib\graph.hpp">
      <Filter>Header</Filter>
    </ClInclude>
    <ClInclude Include="src\lib\matrix.hpp">
      <Filter>Header</Filter>
    </ClInclude>
    <ClInclude Include="src\lib\os.hpp">
      <Filter>Header</Filter>
    </ClInclude>
    <ClInclude Include="src\lib\os_osx.hpp">
      <Filter>Header</Filter>
    </ClInclude>
    <ClInclude Include="src\lib\os_win.hpp">
      <Filter>Header</Filter>
    </ClInclude>
    <ClInclude Include="src\lib\png.hpp">
      <Filter>Header</Filter>
    </ClInclude>
    <ClInclude Include="src\lib\random.hpp">
      <Filter>Header</Filter>
    </ClInclude>
    <ClInclude Include="src\lib\texture.hpp">
      <Filter>Header</Filter>
    </ClInclude>
    <ClInclude Include="src\lib\utils.hpp">
      <Filter>Header</Filter>
    </ClInclude>
    <ClInclude Include="src\lib\vector.hpp">
      <Filter>Header</Filter>
    </ClInclude>
    <ClInclude Include="src\lib\wav.hpp">
      <Filter>Header</Filter>
    </ClInclude>
    <ClInclude Include="src\GameMain.h">
      <Filter>.h</Filter>
    </ClInclude>
    <ClInclude Include="src\OBJECT.h">
      <Filter>.h</Filter>
    </ClInclude>
    <ClInclude Include="src\Player.h">
      <Filter>.h</Filter>
    </ClInclude>
    <ClInclude Include="src\main.h">
      <Filter>.h</Filter>
    </ClInclude>
    <ClInclude Include="src\EnemyManager.h">
      <Filter>.h</Filter>
    </ClInclude>
    <ClInclude Include="src\Enemy.h">
      <Filter>.h</Filter>
    </ClInclude>
    <ClInclude Include="src\Collision.h">
      <Filter>.h</Filter>
    </ClInclude>
    <ClInclude Include="src\Boss.h">
      <Filter>.h</Filter>
    </ClInclude>
    <ClInclude Include="src\Enemy2.h">
      <Filter>.h</Filter>
    </ClInclude>
    <ClInclude Include="src\Blade.h">
      <Filter>.h</Filter>
    </ClInclude>
  </ItemGroup>
</Project>